# DO NOT EDIT MANUALLY - Managed by Fern Replay
version: "1.0"
generations:
  - commit_sha: 409821046d64fe47802d1e9df109b372de1d998f
    tree_hash: a1fa7f44742cc06fa98bfc6c7691c1d85e4b7fcd
    timestamp: 2026-05-12T04:47:13.201Z
    cli_version: unknown
    generator_versions: {}
current_generation: 409821046d64fe47802d1e9df109b372de1d998f
patches: []
